
Microsoft Visual Studio Solution File, Format Version 12.00
# Visual Studio Version 17
VisualStudioVersion = 17.0.32014.148
MinimumVisualStudioVersion = 10.0.40219.1
Project("{FAE04EC0-301F-11D3-BF4B-00C04F79EFBC}") = "EightQueens", "EightQueens\EightQueens.csproj", "{349C33AF-D627-4A1B-80C2-669A1CCD25A2}"
EndProject
Global
	GlobalSection(SolutionConfigurationPlatforms) = preSolution
		Debug|Any CPU = Debug|Any CPU
		Release|Any CPU = Release|Any CPU
	EndGlobalSection
	GlobalSection(ProjectConfigurationPlatforms) = postSolution
		{349C33AF-D627-4A1B-80C2-669A1CCD25A2}.Debug|Any CPU.ActiveCfg = Debug|Any CPU
		{349C33AF-D627-4A1B-80C2-669A1CCD25A2}.Debug|Any CPU.Build.0 = Debug|Any CPU
		{349C33AF-D627-4A1B-80C2-669A1CCD25A2}.Release|Any CPU.ActiveCfg = Release|Any CPU
		{349C33AF-D627-4A1B-80C2-669A1CCD25A2}.Release|Any CPU.Build.0 = Release|Any CPU
	EndGlobalSection
	GlobalSection(SolutionProperties) = preSolution
		HideSolutionNode = FALSE
	EndGlobalSection
	GlobalSection(ExtensibilityGlobals) = postSolution
		SolutionGuid = {9EB47728-0F4F-457F-96AE-7624530DCE51}
	EndGlobalSection
EndGlobal
